
Microsoft Visual Studio Solution File, Format Version 12.00
# Visual Studio 15
Project("{FAE04EC0-301F-11D3-BF4B-00C04F79EFBC}") = "FruitNinjaLeapMotion", "Assembly-CSharp.csproj", "{BD0A240F-B224-91ED-E8F3-26D056C4222F}"
EndProject
Project("{FAE04EC0-301F-11D3-BF4B-00C04F79EFBC}") = "FruitNinjaLeapMotion", "Assembly-CSharp-Editor.csproj", "{5E49D147-C7E5-059D-2810-4AD608623713}"
EndProject
Global
	GlobalSection(SolutionConfigurationPlatforms) = preSolution
		Debug|Any CPU = Debug|Any CPU
		Release|Any CPU = Release|Any CPU
	EndGlobalSection
	GlobalSection(ProjectConfigurationPlatforms) = postSolution
		{BD0A240F-B224-91ED-E8F3-26D056C4222F}.Debug|Any CPU.ActiveCfg = Debug|Any CPU
		{BD0A240F-B224-91ED-E8F3-26D056C4222F}.Debug|Any CPU.Build.0 = Debug|Any CPU
		{BD0A240F-B224-91ED-E8F3-26D056C4222F}.Release|Any CPU.ActiveCfg = Release|Any CPU
		{BD0A240F-B224-91ED-E8F3-26D056C4222F}.Release|Any CPU.Build.0 = Release|Any CPU
		{5E49D147-C7E5-059D-2810-4AD608623713}.Debug|Any CPU.ActiveCfg = Debug|Any CPU
		{5E49D147-C7E5-059D-2810-4AD608623713}.Debug|Any CPU.Build.0 = Debug|Any CPU
		{5E49D147-C7E5-059D-2810-4AD608623713}.Release|Any CPU.ActiveCfg = Release|Any CPU
		{5E49D147-C7E5-059D-2810-4AD608623713}.Release|Any CPU.Build.0 = Release|Any CPU
	EndGlobalSection
	GlobalSection(SolutionProperties) = preSolution
		HideSolutionNode = FALSE
	EndGlobalSection
EndGlobal
